
Microsoft Visual Studio Solution File, Format Version 12.00
# Visual Studio Version 16
VisualStudioVersion = 16.0.30804.86
MinimumVisualStudioVersion = 10.0.40219.1
Project("{FAE04EC0-301F-11D3-BF4B-00C04F79EFBC}") = "Linq_Example", "Linq_Example\Linq_Example.csproj", "{12A63093-4F09-43A4-A00E-D05803D1EE69}"
EndProject
Global
	GlobalSection(SolutionConfigurationPlatforms) = preSolution
		Debug|Any CPU = Debug|Any CPU
		Release|Any CPU = Release|Any CPU
	EndGlobalSection
	GlobalSection(ProjectConfigurationPlatforms) = postSolution
		{12A63093-4F09-43A4-A00E-D05803D1EE69}.Debug|Any CPU.ActiveCfg = Debug|Any CPU
		{12A63093-4F09-43A4-A00E-D05803D1EE69}.Debug|Any CPU.Build.0 = Debug|Any CPU
		{12A63093-4F09-43A4-A00E-D05803D1EE69}.Release|Any CPU.ActiveCfg = Release|Any CPU
		{12A63093-4F09-43A4-A00E-D05803D1EE69}.Release|Any CPU.Build.0 = Release|Any CPU
	EndGlobalSection
	GlobalSection(SolutionProperties) = preSolution
		HideSolutionNode = FALSE
	EndGlobalSection
	GlobalSection(ExtensibilityGlobals) = postSolution
		SolutionGuid = {D0A4437D-F1FC-47B1-AC9F-A342E125EBB5}
	EndGlobalSection
EndGlobal
